{
  "name": "x3d_viewer",
  "version": "1.0.0",
  "lockfileVersion": 3,
  "requires": true,
  "packages": {
    "": {
      "name": "x3d_viewer",
      "version": "1.0.0",
      "license": "ISC",
      "dependencies": {
        "x_ite": "^12.2.4"
      },
      "devDependencies": {}
    },
    "node_modules/x_ite": {
      "version": "12.2.4",
      "resolved": "https://registry.npmjs.org/x_ite/-/x_ite-12.2.4.tgz",
      "integrity": "sha512-IDi86PDuQESmGP9CCDfQIBLoOkLr0rgOFtCK3i5iJRNYDVf1Xj7/LhctGywg0Bk1A6Vf2Rig5E3O2dXcecAs/A==",
      "funding": {
        "type": "patreon",
        "url": "https://patreon.com/X_ITE"
      }
    }
  }
}
